
Microsoft Visual Studio Solution File, Format Version 12.00
# Visual Studio Version 17
VisualStudioVersion = 17.4.33110.190
MinimumVisualStudioVersion = 10.0.40219.1
Project("{9A19103F-16F7-4668-BE54-9A1E7A4F7556}") = "Collection Management", "Collection Management\Collection Management.csproj", "{27A1E2CB-D73E-4D9D-A4C0-7D8F6AE18923}"
EndProject
Project("{9A19103F-16F7-4668-BE54-9A1E7A4F7556}") = "CollectionManagement.App", "CollectionManagement.App\CollectionManagement.App.csproj", "{30FC5668-2729-46D3-93A3-76ED1BB5DA6A}"
EndProject
Project("{9A19103F-16F7-4668-BE54-9A1E7A4F7556}") = "CollectionManagement.Domain", "CollectionManagement.Domain\CollectionManagement.Domain.csproj", "{4EB74F42-720A-494D-B26F-6C71C43A54AA}"
EndProject
Project("{FAE04EC0-301F-11D3-BF4B-00C04F79EFBC}") = "CollectionManagement.Tests", "CollectionManagement.Tests\CollectionManagement.Tests.csproj", "{FDE7BCA0-763D-4710-ACB7-F26F3307BB0D}"
EndProject
Global
	GlobalSection(SolutionConfigurationPlatforms) = preSolution
		Debug|Any CPU = Debug|Any CPU
		Release|Any CPU = Release|Any CPU
	EndGlobalSection
	GlobalSection(ProjectConfigurationPlatforms) = postSolution
		{27A1E2CB-D73E-4D9D-A4C0-7D8F6AE18923}.Debug|Any CPU.ActiveCfg = Debug|Any CPU
		{27A1E2CB-D73E-4D9D-A4C0-7D8F6AE18923}.Debug|Any CPU.Build.0 = Debug|Any CPU
		{27A1E2CB-D73E-4D9D-A4C0-7D8F6AE18923}.Release|Any CPU.ActiveCfg = Release|Any CPU
		{27A1E2CB-D73E-4D9D-A4C0-7D8F6AE18923}.Release|Any CPU.Build.0 = Release|Any CPU
		{30FC5668-2729-46D3-93A3-76ED1BB5DA6A}.Debug|Any CPU.ActiveCfg = Debug|Any CPU
		{30FC5668-2729-46D3-93A3-76ED1BB5DA6A}.Debug|Any CPU.Build.0 = Debug|Any CPU
		{30FC5668-2729-46D3-93A3-76ED1BB5DA6A}.Release|Any CPU.ActiveCfg = Release|Any CPU
		{30FC5668-2729-46D3-93A3-76ED1BB5DA6A}.Release|Any CPU.Build.0 = Release|Any CPU
		{4EB74F42-720A-494D-B26F-6C71C43A54AA}.Debug|Any CPU.ActiveCfg = Debug|Any CPU
		{4EB74F42-720A-494D-B26F-6C71C43A54AA}.Debug|Any CPU.Build.0 = Debug|Any CPU
		{4EB74F42-720A-494D-B26F-6C71C43A54AA}.Release|Any CPU.ActiveCfg = Release|Any CPU
		{4EB74F42-720A-494D-B26F-6C71C43A54AA}.Release|Any CPU.Build.0 = Release|Any CPU
		{FDE7BCA0-763D-4710-ACB7-F26F3307BB0D}.Debug|Any CPU.ActiveCfg = Debug|Any CPU
		{FDE7BCA0-763D-4710-ACB7-F26F3307BB0D}.Debug|Any CPU.Build.0 = Debug|Any CPU
		{FDE7BCA0-763D-4710-ACB7-F26F3307BB0D}.Release|Any CPU.ActiveCfg = Release|Any CPU
		{FDE7BCA0-763D-4710-ACB7-F26F3307BB0D}.Release|Any CPU.Build.0 = Release|Any CPU
	EndGlobalSection
	GlobalSection(SolutionProperties) = preSolution
		HideSolutionNode = FALSE
	EndGlobalSection
	GlobalSection(ExtensibilityGlobals) = postSolution
		SolutionGuid = {056F597A-9C91-428B-9916-7D477FD9EDE7}
	EndGlobalSection
EndGlobal
